# THIS IS AN AUTOGENERATED FILE. DO NOT EDIT THIS FILE DIRECTLY.
# yarn lockfile v1


"@vorlefan/path@^1.5.7":
  version "1.5.7"
  resolved "https://registry.yarnpkg.com/@vorlefan/path/-/path-1.5.7.tgz#b90b3e3faa21f2f76d531572043821f08d573fc5"
  integrity sha512-kdTKHSRLeZhjEgkc3u21ceDeI6f+z9gfczG98IpnHB7NpkqcSl4Ins8HIM3xD9fWZF/F21GO44fs0Mk1NtZV2g==

"@vorlefan/xlsx@^0.1.2":
  version "0.1.2"
  resolved "https://registry.yarnpkg.com/@vorlefan/xlsx/-/xlsx-0.1.2.tgz#9275c9426731614c47026f9f26b19956d47b8f16"
  integrity sha512-CTQGRJo7A8x+QVPrAXVGRoPm78Xsrd8g+I+5E9/UoX0HPf7opPJwniWmzdQLy98uU8Zt54OPNHrDdPfr/341vw==
  dependencies:
    "@vorlefan/path" "^1.5.7"
    camelcase "^6.0.0"
    mongo-xlsx "^1.0.12"
    string-similarity "^4.0.1"

adler-32@~1.2.0:
  version "1.2.0"
  resolved "https://registry.yarnpkg.com/adler-32/-/adler-32-1.2.0.tgz#6a3e6bf0a63900ba15652808cb15c6813d1a5f25"
  integrity sha1-aj5r8KY5ALoVZSgIyxXGgT0aXyU=
  dependencies:
    exit-on-epipe "~1.0.1"
    printj "~1.1.0"

buffer-from@^1.1.0:
  version "1.1.1"
  resolved "https://registry.yarnpkg.com/buffer-from/-/buffer-from-1.1.1.tgz#32713bc028f75c02fdb710d7c7bcec1f2c6070ef"
  integrity sha512-MQcXEUbCKtEo7bhqEs6560Hyd4XaovZlO/k9V3hjVUF/zwW7KBVdSK4gIt/bzwS9MbR5qob+F5jusZsb0YQK2A==

camelcase@^6.0.0:
  version "6.0.0"
  resolved "https://registry.yarnpkg.com/camelcase/-/camelcase-6.0.0.tgz#5259f7c30e35e278f1bdc2a4d91230b37cad981e"
  integrity sha512-8KMDF1Vz2gzOq54ONPJS65IvTUaB1cHJ2DMM7MbPmLZljDH1qpzzLsWdiN9pHh6qvkRVDTi/07+eNGch/oLU4w==

cfb@^1.1.2:
  version "1.1.4"
  resolved "https://registry.yarnpkg.com/cfb/-/cfb-1.1.4.tgz#81fd35ede4c919d8f0962a94582e1dfaf7051e2a"
  integrity sha512-rwFkl3aFO3f+ljR27YINwC0x8vPjyiEVbYbrTCKzspEf7Q++3THdfHVgJYNUbxNcupJECrLX+L40Mjm9hm/Bgw==
  dependencies:
    adler-32 "~1.2.0"
    commander "^2.16.0"
    crc-32 "~1.2.0"
    printj "~1.1.2"

codepage@~1.14.0:
  version "1.14.0"
  resolved "https://registry.yarnpkg.com/codepage/-/codepage-1.14.0.tgz#8cbe25481323559d7d307571b0fff91e7a1d2f99"
  integrity sha1-jL4lSBMjVZ19MHVxsP/5HnodL5k=
  dependencies:
    commander "~2.14.1"
    exit-on-epipe "~1.0.1"

commander@^2.16.0:
  version "2.20.3"
  resolved "https://registry.yarnpkg.com/commander/-/commander-2.20.3.tgz#fd485e84c03eb4881c20722ba48035e8531aeb33"
  integrity sha512-GpVkmM8vF2vQUkj2LvZmD35JxeJOLCwJ9cUkugyk2nuhbv3+mJvpLYYt+0+USMxE+oj+ey/lJEnhZw75x/OMcQ==

commander@~2.14.1:
  version "2.14.1"
  resolved "https://registry.yarnpkg.com/commander/-/commander-2.14.1.tgz#2235123e37af8ca3c65df45b026dbd357b01b9aa"
  integrity sha512-+YR16o3rK53SmWHU3rEM3tPAh2rwb1yPcQX5irVn7mb0gXbwuCCrnkbV5+PBfETdfg1vui07nM6PCG1zndcjQw==

commander@~2.17.1:
  version "2.17.1"
  resolved "https://registry.yarnpkg.com/commander/-/commander-2.17.1.tgz#bd77ab7de6de94205ceacc72f1716d29f20a77bf"
  integrity sha512-wPMUt6FnH2yzG95SA6mzjQOEKUU3aLaDEmzs1ti+1E9h+CsrZghRlqEM/EJ4KscsQVG8uNN4uVreUeT8+drlgg==

crc-32@~1.2.0:
  version "1.2.0"
  resolved "https://registry.yarnpkg.com/crc-32/-/crc-32-1.2.0.tgz#cb2db6e29b88508e32d9dd0ec1693e7b41a18208"
  integrity sha512-1uBwHxF+Y/4yF5G48fwnKq6QsIXheor3ZLPT80yGBV1oEUwpPojlEhQbWKVw1VwcTQyMGHK1/XMmTjmlsmTTGA==
  dependencies:
    exit-on-epipe "~1.0.1"
    printj "~1.1.0"

exit-on-epipe@~1.0.1:
  version "1.0.1"
  resolved "https://registry.yarnpkg.com/exit-on-epipe/-/exit-on-epipe-1.0.1.tgz#0bdd92e87d5285d267daa8171d0eb06159689692"
  integrity sha512-h2z5mrROTxce56S+pnvAV890uu7ls7f1kEvVGJbw1OlFH3/mlJ5bkXu0KRyW94v37zzHPiUd55iLn3DA7TjWpw==

frac@~1.1.2:
  version "1.1.2"
  resolved "https://registry.yarnpkg.com/frac/-/frac-1.1.2.tgz#3d74f7f6478c88a1b5020306d747dc6313c74d0b"
  integrity sha512-w/XBfkibaTl3YDqASwfDUqkna4Z2p9cFSr1aHDt0WoMTECnRfBOv2WArlZILlqgWlmdIlALXGpM2AOhEk5W3IA==

mongo-xlsx@^1.0.12:
  version "1.0.12"
  resolved "https://registry.yarnpkg.com/mongo-xlsx/-/mongo-xlsx-1.0.12.tgz#876879025643f66e761261ca2683ff985cbf8136"
  integrity sha1-h2h5AlZD9m52EmHKJoP/mFy/gTY=
  dependencies:
    node-xlsx "*"

node-xlsx@*:
  version "0.15.0"
  resolved "https://registry.yarnpkg.com/node-xlsx/-/node-xlsx-0.15.0.tgz#1f1b0d7adce5c706e86bfd96a5aa0005bf8a9dc3"
  integrity sha512-rQyhWDJ/k60wQemov7a8MlToastWTidrAVFRwTWV+s53LN/SRwU4lnmc5xuFXx/ay+uaLAsAQBp6BkVob5OjOA==
  dependencies:
    buffer-from "^1.1.0"
    xlsx "^0.14.1"

printj@~1.1.0, printj@~1.1.2:
  version "1.1.2"
  resolved "https://registry.yarnpkg.com/printj/-/printj-1.1.2.tgz#d90deb2975a8b9f600fb3a1c94e3f4c53c78a222"
  integrity sha512-zA2SmoLaxZyArQTOPj5LXecR+RagfPSU5Kw1qP+jkWeNlrq+eJZyY2oS68SU1Z/7/myXM4lo9716laOFAVStCQ==

ssf@~0.10.2:
  version "0.10.3"
  resolved "https://registry.yarnpkg.com/ssf/-/ssf-0.10.3.tgz#8eae1fc29c90a552e7921208f81892d6f77acb2b"
  integrity sha512-pRuUdW0WwyB2doSqqjWyzwCD6PkfxpHAHdZp39K3dp/Hq7f+xfMwNAWIi16DyrRg4gg9c/RvLYkJTSawTPTm1w==
  dependencies:
    frac "~1.1.2"

string-similarity@^4.0.1:
  version "4.0.1"
  resolved "https://registry.yarnpkg.com/string-similarity/-/string-similarity-4.0.1.tgz#ea7c11f0093cb3088cdcc5eb16cfd90cb54962f7"
  integrity sha512-v36MJzloekKVvKAsYi6O/qpn2mIuvwEFIT9Gx3yg4spkNjXYsk7yxc37g4ZTyMVIBvt/9PZGxnqEtme8XHK+Mw==

xlsx@^0.14.1:
  version "0.14.5"
  resolved "https://registry.yarnpkg.com/xlsx/-/xlsx-0.14.5.tgz#3637e914d791bdca7382816e173f7d725ed0e0d2"
  integrity sha512-s/5f4/mjeWREmIWZ+HtDfh/rnz51ar+dZ4LWKZU3u9VBx2zLdSIWTdXgoa52/pnZ9Oe/Vu1W1qzcKzLVe+lq4w==
  dependencies:
    adler-32 "~1.2.0"
    cfb "^1.1.2"
    codepage "~1.14.0"
    commander "~2.17.1"
    crc-32 "~1.2.0"
    exit-on-epipe "~1.0.1"
    ssf "~0.10.2"
